{
  "originHash" : "dd2fa5987dbb6cb351457f7235ba8386e66922f2bf622dca62ea28be8b22a804",
  "pins" : [
    {
      "identity" : "composablearchitecturepattern",
      "kind" : "remoteSourceControl",
      "location" : "https://github.com/jonnyholland/ComposableArchitecturePattern.git",
      "state" : {
        "revision" : "af6c393744a181a370286c73780a1386ada1147a",
        "version" : "1.3.0"
      }
    }
  ],
  "version" : 3
}
